
Microsoft Visual Studio Solution File, Format Version 12.00
# Visual Studio Version 16
VisualStudioVersion = 16.0.31410.357
MinimumVisualStudioVersion = 10.0.40219.1
Project("{9A19103F-16F7-4668-BE54-9A1E7A4F7556}") = "CP380-PubsWeb", "CP380-PubsWeb\CP380-PubsWeb.csproj", "{B741F2FE-E6B2-4101-99E0-D229A00EA0F3}"
EndProject
Project("{9A19103F-16F7-4668-BE54-9A1E7A4F7556}") = "CP380-PubsLab", "CP380-PubsLab\CP380-PubsLab\CP380-PubsLab.csproj", "{2FD6CE38-EDD4-4787-B5B2-0A0F4B77B63C}"
EndProject
Global
	GlobalSection(SolutionConfigurationPlatforms) = preSolution
		Debug|Any CPU = Debug|Any CPU
		Release|Any CPU = Release|Any CPU
	EndGlobalSection
	GlobalSection(ProjectConfigurationPlatforms) = postSolution
		{B741F2FE-E6B2-4101-99E0-D229A00EA0F3}.Debug|Any CPU.ActiveCfg = Debug|Any CPU
		{B741F2FE-E6B2-4101-99E0-D229A00EA0F3}.Debug|Any CPU.Build.0 = Debug|Any CPU
		{B741F2FE-E6B2-4101-99E0-D229A00EA0F3}.Release|Any CPU.ActiveCfg = Release|Any CPU
		{B741F2FE-E6B2-4101-99E0-D229A00EA0F3}.Release|Any CPU.Build.0 = Release|Any CPU
		{2FD6CE38-EDD4-4787-B5B2-0A0F4B77B63C}.Debug|Any CPU.ActiveCfg = Debug|Any CPU
		{2FD6CE38-EDD4-4787-B5B2-0A0F4B77B63C}.Debug|Any CPU.Build.0 = Debug|Any CPU
		{2FD6CE38-EDD4-4787-B5B2-0A0F4B77B63C}.Release|Any CPU.ActiveCfg = Release|Any CPU
		{2FD6CE38-EDD4-4787-B5B2-0A0F4B77B63C}.Release|Any CPU.Build.0 = Release|Any CPU
	EndGlobalSection
	GlobalSection(SolutionProperties) = preSolution
		HideSolutionNode = FALSE
	EndGlobalSection
	GlobalSection(ExtensibilityGlobals) = postSolution
		SolutionGuid = {50210AEE-07DF-42B4-A4D2-1F35EBEADE36}
	EndGlobalSection
EndGlobal
